// !$*UTF8*$!
{
	archiveVersion = 1;
	classes = {
	};
	objectVersion = 46;
	objects = {

/* Begin PBXBuildFile section */
		169BCEA6167983B70000778B /* UIKit.framework in Frameworks */ = {isa = PBXBuildFile; fileRef = 169BCEA5167983B70000778B /* UIKit.framework */; };
		169BCEA8167983B70000778B /* Foundation.framework in Frameworks */ = {isa = PBXBuildFile; fileRef = 169BCEA7167983B70000778B /* Foundation.framework */; };
		169BCEAA167983B70000778B /* CoreGraphics.framework in Frameworks */ = {isa = PBXBuildFile; fileRef = 169BCEA9167983B70000778B /* CoreGraphics.framework */; };
		169BCEB0167983B70000778B /* InfoPlist.strings in Resources */ = {isa = PBXBuildFile; fileRef = 169BCEAE167983B70000778B /* InfoPlist.strings */; };
		169BCEB2167983B70000778B /* main.m in Sources */ = {isa = PBXBuildFile; fileRef = 169BCEB1167983B70000778B /* main.m */; };
		169BCEB6167983B70000778B /* AppDelegate.m in Sources */ = {isa = PBXBuildFile; fileRef = 169BCEB5167983B70000778B /* AppDelegate.m */; };
		169BCEB8167983B70000778B /* Default.png in Resources */ = {isa = PBXBuildFile; fileRef = 169BCEB7167983B70000778B /* Default.png */; };
		169BCEBA167983B70000778B /* Default@2x.png in Resources */ = {isa = PBXBuildFile; fileRef = 169BCEB9167983B70000778B /* Default@2x.png */; };
		169BCEBC167983B70000778B /* Default-568h@2x.png in Resources */ = {isa = PBXBuildFile; fileRef = 169BCEBB167983B70000778B /* Default-568h@2x.png */; };
		169BCEBF167983B70000778B /* MainStoryboard.storyboard in Resources */ = {isa = PBXBuildFile; fileRef = 169BCEBD167983B70000778B /* MainStoryboard.storyboard */; };
		169BCEC2167983B70000778B /* ViewController.m in Sources */ = {isa = PBXBuildFile; fileRef = 169BCEC1167983B70000778B /* ViewController.m */; };
/* End PBXBuildFile section */

/* Begin PBXFileReference section */
		169BCEA1167983B70000778B /* HelloButton.app */ = {isa = PBXFileReference; explicitFileType = wrapper.application; includeInIndex = 0; path = HelloButton.app; sourceTree = BUILT_PRODUCTS_DIR; };
		169BCEA5167983B70000778B /* UIKit.framework */ = {isa = PBXFileReference; lastKnownFileType = wrapper.framework; name = UIKit.framework; path = System/Library/Frameworks/UIKit.framework; sourceTree = SDKROOT; };
		169BCEA7167983B70000778B /* Foundation.framework */ = {isa = PBXFileReference; lastKnownFileType = wrapper.framework; name = Foundation.framework; path = System/Library/Frameworks/Foundation.framework; sourceTree = SDKROOT; };
		169BCEA9167983B70000778B /* CoreGraphics.framework */ = {isa = PBXFileReference; lastKnownFileType = wrapper.framework; name = CoreGraphics.framework; path = System/Library/Frameworks/CoreGraphics.framework; sourceTree = SDKROOT; };
		169BCEAD167983B70000778B /* HelloButton-Info.plist */ = {isa = PBXFileReference; lastKnownFileType = text.plist.xml; path = "HelloButton-Info.plist"; sourceTree = "<group>"; };
		169BCEAF167983B70000778B /* en */ = {isa = PBXFileReference; lastKnownFileType = text.plist.strings; name = en; path = en.lproj/InfoPlist.strings; sourceTree = "<group>"; };
		169BCEB1167983B70000778B /* main.m */ = {isa = PBXFileReference; lastKnownFileType = sourcecode.c.objc; path = main.m; sourceTree = "<group>"; };
		169BCEB3167983B70000778B /* HelloButton-Prefix.pch */ = {isa = PBXFileReference; lastKnownFileType = sourcecode.c.h; path = "HelloButton-Prefix.pch"; sourceTree = "<group>"; };
		169BCEB4167983B70000778B /* AppDelegate.h */ = {isa = PBXFileReference; lastKnownFileType = sourcecode.c.h; path = AppDelegate.h; sourceTree = "<group>"; };
		169BCEB5167983B70000778B /* AppDelegate.m */ = {isa = PBXFileReference; lastKnownFileType = sourcecode.c.objc; path = AppDelegate.m; sourceTree = "<group>"; };
		169BCEB7167983B70000778B /* Default.png */ = {isa = PBXFileReference; lastKnownFileType = image.png; path = Default.png; sourceTree = "<group>"; };
		169BCEB9167983B70000778B /* Default@2x.png */ = {isa = PBXFileReference; lastKnownFileType = image.png; path = "Default@2x.png"; sourceTree = "<group>"; };
		169BCEBB167983B70000778B /* Default-568h@2x.png */ = {isa = PBXFileReference; lastKnownFileType = image.png; path = "Default-568h@2x.png"; sourceTree = "<group>"; };
		169BCEBE167983B70000778B /* en */ = {isa = PBXFileReference; lastKnownFileType = file.storyboard; name = en; path = en.lproj/MainStoryboard.storyboard; sourceTree = "<group>"; };
		169BCEC0167983B70000778B /* ViewController.h */ = {isa = PBXFileReference; lastKnownFileType = sourcecode.c.h; path = ViewController.h; sourceTree = "<group>"; };
		169BCEC1167983B70000778B /* ViewController.m */ = {isa = PBXFileReference; lastKnownFileType = sourcecode.c.objc; path = ViewController.m; sourceTree = "<group>"; };
/* End PBXFileReference section */

/* Begin PBXFrameworksBuildPhase section */
		169BCE9E167983B70000778B /* Frameworks */ = {
			isa = PBXFrameworksBuildPhase;
			buildActionMask = 2147483647;
			files = (
				169BCEA6167983B70000778B /* UIKit.framework in Frameworks */,
				169BCEA8167983B70000778B /* Foundation.framework in Frameworks */,
				169BCEAA167983B70000778B /* CoreGraphics.framework in Frameworks */,
			);
			runOnlyForDeploymentPostprocessing = 0;
		};
/* End PBXFrameworksBuildPhase section */

/* Begin PBXGroup section */
		169BCE96167983B70000778B = {
			isa = PBXGroup;
			children = (
				169BCEAB167983B70000778B /* HelloButton */,
				169BCEA4167983B70000778B /* Frameworks */,
				169BCEA2167983B70000778B /* Products */,
			);
			sourceTree = "<group>";
		};
		169BCEA2167983B70000778B /* Products */ = {
			isa = PBXGroup;
			children = (
				169BCEA1167983B70000778B /* HelloButton.app */,
			);
			name = Products;
			sourceTree = "<group>";
		};
		169BCEA4167983B70000778B /* Frameworks */ = {
			isa = PBXGroup;
			children = (
				169BCEA5167983B70000778B /* UIKit.framework */,
				169BCEA7167983B70000778B /* Foundation.framework */,
				169BCEA9167983B70000778B /* CoreGraphics.framework */,
			);
			name = Frameworks;
			sourceTree = "<group>";
		};
		169BCEAB167983B70000778B /* HelloButton */ = {
			isa = PBXGroup;
			children = (
				169BCEB4167983B70000778B /* AppDelegate.h */,
				169BCEB5167983B70000778B /* AppDelegate.m */,
				169BCEBD167983B70000778B /* MainStoryboard.storyboard */,
				169BCEC0167983B70000778B /* ViewController.h */,
				169BCEC1167983B70000778B /* ViewController.m */,
				169BCEAC167983B70000778B /* Supporting Files */,
			);
			path = HelloButton;
			sourceTree = "<group>";
		};
		169BCEAC167983B70000778B /* Supporting Files */ = {
			isa = PBXGroup;
			children = (
				169BCEAD167983B70000778B /* HelloButton-Info.plist */,
				169BCEAE167983B70000778B /* InfoPlist.strings */,
				169BCEB1167983B70000778B /* main.m */,
				169BCEB3167983B70000778B /* HelloButton-Prefix.pch */,
				169BCEB7167983B70000778B /* Default.png */,
				169BCEB9167983B70000778B /* Default@2x.png */,
				169BCEBB167983B70000778B /* Default-568h@2x.png */,
			);
			name = "Supporting Files";
			sourceTree = "<group>";
		};
/* End PBXGroup section */

/* Begin PBXNativeTarget section */
		169BCEA0167983B70000778B /* HelloButton */ = {
			isa = PBXNativeTarget;
			buildConfigurationList = 169BCEC5167983B70000778B /* Build configuration list for PBXNativeTarget "HelloButton" */;
			buildPhases = (
				169BCE9D167983B70000778B /* Sources */,
				169BCE9E167983B70000778B /* Frameworks */,
				169BCE9F167983B70000778B /* Resources */,
			);
			buildRules = (
			);
			dependencies = (
			);
			name = HelloButton;
			productName = HelloButton;
			productReference = 169BCEA1167983B70000778B /* HelloButton.app */;
			productType = "com.apple.product-type.application";
		};
/* End PBXNativeTarget section */

/* Begin PBXProject section */
		169BCE98167983B70000778B /* Project object */ = {
			isa = PBXProject;
			attributes = {
				LastUpgradeCheck = 0450;
				ORGANIZATIONNAME = mycompany;
			};
			buildConfigurationList = 169BCE9B167983B70000778B /* Build configuration list for PBXProject "HelloButton" */;
			compatibilityVersion = "Xcode 3.2";
			developmentRegion = English;
			hasScannedForEncodings = 0;
			knownRegions = (
				en,
			);
			mainGroup = 169BCE96167983B70000778B;
			productRefGroup = 169BCEA2167983B70000778B /* Products */;
			projectDirPath = "";
			projectRoot = "";
			targets = (
				169BCEA0167983B70000778B /* HelloButton */,
			);
		};
/* End PBXProject section */

/* Begin PBXResourcesBuildPhase section */
		169BCE9F167983B70000778B /* Resources */ = {
			isa = PBXResourcesBuildPhase;
			buildActionMask = 2147483647;
			files = (
				169BCEB0167983B70000778B /* InfoPlist.strings in Resources */,
				169BCEB8167983B70000778B /* Default.png in Resources */,
				169BCEBA167983B70000778B /* Default@2x.png in Resources */,
				169BCEBC167983B70000778B /* Default-568h@2x.png in Resources */,
				169BCEBF167983B70000778B /* MainStoryboard.storyboard in Resources */,
			);
			runOnlyForDeploymentPostprocessing = 0;
		};
/* End PBXResourcesBuildPhase section */

/* Begin PBXSourcesBuildPhase section */
		169BCE9D167983B70000778B /* Sources */ = {
			isa = PBXSourcesBuildPhase;
			buildActionMask = 2147483647;
			files = (
				169BCEB2167983B70000778B /* main.m in Sources */,
				169BCEB6167983B70000778B /* AppDelegate.m in Sources */,
				169BCEC2167983B70000778B /* ViewController.m in Sources */,
			);
			runOnlyForDeploymentPostprocessing = 0;
		};
/* End PBXSourcesBuildPhase section */

/* Begin PBXVariantGroup section */
		169BCEAE167983B70000778B /* InfoPlist.strings */ = {
			isa = PBXVariantGroup;
			children = (
				169BCEAF167983B70000778B /* en */,
			);
			name = InfoPlist.strings;
			sourceTree = "<group>";
		};
		169BCEBD167983B70000778B /* MainStoryboard.storyboard */ = {
			isa = PBXVariantGroup;
			children = (
				169BCEBE167983B70000778B /* en */,
			);
			name = MainStoryboard.storyboard;
			sourceTree = "<group>";
		};
/* End PBXVariantGroup section */

/* Begin XCBuildConfiguration section */
		169BCEC3167983B70000778B /* Debug */ = {
			isa = XCBuildConfiguration;
			buildSettings = {
				ALWAYS_SEARCH_USER_PATHS = NO;
				CLANG_CXX_LANGUAGE_STANDARD = "gnu++0x";
				CLANG_CXX_LIBRARY = "libc++";
				CLANG_ENABLE_OBJC_ARC = YES;
				CLANG_WARN_EMPTY_BODY = YES;
				CLANG_WARN__DUPLICATE_METHOD_MATCH = YES;
				"CODE_SIGN_IDENTITY[sdk=iphoneos*]" = "iPhone Developer";
				COPY_PHASE_STRIP = NO;
				GCC_C_LANGUAGE_STANDARD = gnu99;
				GCC_DYNAMIC_NO_PIC = NO;
				GCC_OPTIMIZATION_LEVEL = 0;
				GCC_PREPROCESSOR_DEFINITIONS = (
					"DEBUG=1",
					"$(inherited)",
				);
				GCC_SYMBOLS_PRIVATE_EXTERN = NO;
				GCC_WARN_ABOUT_RETURN_TYPE = YES;
				GCC_WARN_UNINITIALIZED_AUTOS = YES;
				GCC_WARN_UNUSED_VARIABLE = YES;
				IPHONEOS_DEPLOYMENT_TARGET = 6.0;
				ONLY_ACTIVE_ARCH = YES;
				SDKROOT = iphoneos;
			};
			name = Debug;
		};
		169BCEC4167983B70000778B /* Release */ = {
			isa = XCBuildConfiguration;
			buildSettings = {
				ALWAYS_SEARCH_USER_PATHS = NO;
				CLANG_CXX_LANGUAGE_STANDARD = "gnu++0x";
				CLANG_CXX_LIBRARY = "libc++";
				CLANG_ENABLE_OBJC_ARC = YES;
				CLANG_WARN_EMPTY_BODY = YES;
				CLANG_WARN__DUPLICATE_METHOD_MATCH = YES;
				"CODE_SIGN_IDENTITY[sdk=iphoneos*]" = "iPhone Developer";
				COPY_PHASE_STRIP = YES;
				GCC_C_LANGUAGE_STANDARD = gnu99;
				GCC_WARN_ABOUT_RETURN_TYPE = YES;
				GCC_WARN_UNINITIALIZED_AUTOS = YES;
				GCC_WARN_UNUSED_VARIABLE = YES;
				IPHONEOS_DEPLOYMENT_TARGET = 6.0;
				OTHER_CFLAGS = "-DNS_BLOCK_ASSERTIONS=1";
				SDKROOT = iphoneos;
				VALIDATE_PRODUCT = YES;
			};
			name = Release;
		};
		169BCEC6167983B70000778B /* Debug */ = {
			isa = XCBuildConfiguration;
			buildSettings = {
				GCC_PRECOMPILE_PREFIX_HEADER = YES;
				GCC_PREFIX_HEADER = "HelloButton/HelloButton-Prefix.pch";
				INFOPLIST_FILE = "HelloButton/HelloButton-Info.plist";
				PRODUCT_NAME = "$(TARGET_NAME)";
				WRAPPER_EXTENSION = app;
			};
			name = Debug;
		};
		169BCEC7167983B70000778B /* Release */ = {
			isa = XCBuildConfiguration;
			buildSettings = {
				GCC_PRECOMPILE_PREFIX_HEADER = YES;
				GCC_PREFIX_HEADER = "HelloButton/HelloButton-Prefix.pch";
				INFOPLIST_FILE = "HelloButton/HelloButton-Info.plist";
				PRODUCT_NAME = "$(TARGET_NAME)";
				WRAPPER_EXTENSION = app;
			};
			name = Release;
		};
/* End XCBuildConfiguration section */

/* Begin XCConfigurationList section */
		169BCE9B167983B70000778B /* Build configuration list for PBXProject "HelloButton" */ = {
			isa = XCConfigurationList;
			buildConfigurations = (
				169BCEC3167983B70000778B /* Debug */,
				169BCEC4167983B70000778B /* Release */,
			);
			defaultConfigurationIsVisible = 0;
			defaultConfigurationName = Release;
		};
		169BCEC5167983B70000778B /* Build configuration list for PBXNativeTarget "HelloButton" */ = {
			isa = XCConfigurationList;
			buildConfigurations = (
				169BCEC6167983B70000778B /* Debug */,
				169BCEC7167983B70000778B /* Release */,
			);
			defaultConfigurationIsVisible = 0;
		};
/* End XCConfigurationList section */
	};
	rootObject = 169BCE98167983B70000778B /* Project object */;
}
