// !$*UTF8*$!
{
	archiveVersion = 1;
	classes = {
	};
	objectVersion = 46;
	objects = {

/* Begin PBXBuildFile section */
		058CBB421697AFB70021A79E /* UIKit.framework in Frameworks */ = {isa = PBXBuildFile; fileRef = 058CBB411697AFB70021A79E /* UIKit.framework */; };
		058CBB441697AFB70021A79E /* Foundation.framework in Frameworks */ = {isa = PBXBuildFile; fileRef = 058CBB431697AFB70021A79E /* Foundation.framework */; };
		058CBB461697AFB70021A79E /* CoreGraphics.framework in Frameworks */ = {isa = PBXBuildFile; fileRef = 058CBB451697AFB70021A79E /* CoreGraphics.framework */; };
		058CBB4C1697AFB70021A79E /* InfoPlist.strings in Resources */ = {isa = PBXBuildFile; fileRef = 058CBB4A1697AFB70021A79E /* InfoPlist.strings */; };
		058CBB4E1697AFB70021A79E /* main.m in Sources */ = {isa = PBXBuildFile; fileRef = 058CBB4D1697AFB70021A79E /* main.m */; };
		058CBB521697AFB70021A79E /* AppDelegate.m in Sources */ = {isa = PBXBuildFile; fileRef = 058CBB511697AFB70021A79E /* AppDelegate.m */; };
		058CBB541697AFB70021A79E /* Default.png in Resources */ = {isa = PBXBuildFile; fileRef = 058CBB531697AFB70021A79E /* Default.png */; };
		058CBB561697AFB70021A79E /* Default@2x.png in Resources */ = {isa = PBXBuildFile; fileRef = 058CBB551697AFB70021A79E /* Default@2x.png */; };
		058CBB581697AFB70021A79E /* Default-568h@2x.png in Resources */ = {isa = PBXBuildFile; fileRef = 058CBB571697AFB70021A79E /* Default-568h@2x.png */; };
		058CBB5B1697AFB70021A79E /* MainStoryboard.storyboard in Resources */ = {isa = PBXBuildFile; fileRef = 058CBB591697AFB70021A79E /* MainStoryboard.storyboard */; };
		058CBB5E1697AFB70021A79E /* ViewController.m in Sources */ = {isa = PBXBuildFile; fileRef = 058CBB5D1697AFB70021A79E /* ViewController.m */; };
/* End PBXBuildFile section */

/* Begin PBXFileReference section */
		058CBB3D1697AFB60021A79E /* Camera.app */ = {isa = PBXFileReference; explicitFileType = wrapper.application; includeInIndex = 0; path = Camera.app; sourceTree = BUILT_PRODUCTS_DIR; };
		058CBB411697AFB70021A79E /* UIKit.framework */ = {isa = PBXFileReference; lastKnownFileType = wrapper.framework; name = UIKit.framework; path = System/Library/Frameworks/UIKit.framework; sourceTree = SDKROOT; };
		058CBB431697AFB70021A79E /* Foundation.framework */ = {isa = PBXFileReference; lastKnownFileType = wrapper.framework; name = Foundation.framework; path = System/Library/Frameworks/Foundation.framework; sourceTree = SDKROOT; };
		058CBB451697AFB70021A79E /* CoreGraphics.framework */ = {isa = PBXFileReference; lastKnownFileType = wrapper.framework; name = CoreGraphics.framework; path = System/Library/Frameworks/CoreGraphics.framework; sourceTree = SDKROOT; };
		058CBB491697AFB70021A79E /* Camera-Info.plist */ = {isa = PBXFileReference; lastKnownFileType = text.plist.xml; path = "Camera-Info.plist"; sourceTree = "<group>"; };
		058CBB4B1697AFB70021A79E /* en */ = {isa = PBXFileReference; lastKnownFileType = text.plist.strings; name = en; path = en.lproj/InfoPlist.strings; sourceTree = "<group>"; };
		058CBB4D1697AFB70021A79E /* main.m */ = {isa = PBXFileReference; lastKnownFileType = sourcecode.c.objc; path = main.m; sourceTree = "<group>"; };
		058CBB4F1697AFB70021A79E /* Camera-Prefix.pch */ = {isa = PBXFileReference; lastKnownFileType = sourcecode.c.h; path = "Camera-Prefix.pch"; sourceTree = "<group>"; };
		058CBB501697AFB70021A79E /* AppDelegate.h */ = {isa = PBXFileReference; lastKnownFileType = sourcecode.c.h; path = AppDelegate.h; sourceTree = "<group>"; };
		058CBB511697AFB70021A79E /* AppDelegate.m */ = {isa = PBXFileReference; lastKnownFileType = sourcecode.c.objc; path = AppDelegate.m; sourceTree = "<group>"; };
		058CBB531697AFB70021A79E /* Default.png */ = {isa = PBXFileReference; lastKnownFileType = image.png; path = Default.png; sourceTree = "<group>"; };
		058CBB551697AFB70021A79E /* Default@2x.png */ = {isa = PBXFileReference; lastKnownFileType = image.png; path = "Default@2x.png"; sourceTree = "<group>"; };
		058CBB571697AFB70021A79E /* Default-568h@2x.png */ = {isa = PBXFileReference; lastKnownFileType = image.png; path = "Default-568h@2x.png"; sourceTree = "<group>"; };
		058CBB5A1697AFB70021A79E /* en */ = {isa = PBXFileReference; lastKnownFileType = file.storyboard; name = en; path = en.lproj/MainStoryboard.storyboard; sourceTree = "<group>"; };
		058CBB5C1697AFB70021A79E /* ViewController.h */ = {isa = PBXFileReference; lastKnownFileType = sourcecode.c.h; path = ViewController.h; sourceTree = "<group>"; };
		058CBB5D1697AFB70021A79E /* ViewController.m */ = {isa = PBXFileReference; lastKnownFileType = sourcecode.c.objc; path = ViewController.m; sourceTree = "<group>"; };
/* End PBXFileReference section */

/* Begin PBXFrameworksBuildPhase section */
		058CBB3A1697AFB60021A79E /* Frameworks */ = {
			isa = PBXFrameworksBuildPhase;
			buildActionMask = 2147483647;
			files = (
				058CBB421697AFB70021A79E /* UIKit.framework in Frameworks */,
				058CBB441697AFB70021A79E /* Foundation.framework in Frameworks */,
				058CBB461697AFB70021A79E /* CoreGraphics.framework in Frameworks */,
			);
			runOnlyForDeploymentPostprocessing = 0;
		};
/* End PBXFrameworksBuildPhase section */

/* Begin PBXGroup section */
		058CBB321697AFB60021A79E = {
			isa = PBXGroup;
			children = (
				058CBB471697AFB70021A79E /* Camera */,
				058CBB401697AFB70021A79E /* Frameworks */,
				058CBB3E1697AFB60021A79E /* Products */,
			);
			sourceTree = "<group>";
		};
		058CBB3E1697AFB60021A79E /* Products */ = {
			isa = PBXGroup;
			children = (
				058CBB3D1697AFB60021A79E /* Camera.app */,
			);
			name = Products;
			sourceTree = "<group>";
		};
		058CBB401697AFB70021A79E /* Frameworks */ = {
			isa = PBXGroup;
			children = (
				058CBB411697AFB70021A79E /* UIKit.framework */,
				058CBB431697AFB70021A79E /* Foundation.framework */,
				058CBB451697AFB70021A79E /* CoreGraphics.framework */,
			);
			name = Frameworks;
			sourceTree = "<group>";
		};
		058CBB471697AFB70021A79E /* Camera */ = {
			isa = PBXGroup;
			children = (
				058CBB501697AFB70021A79E /* AppDelegate.h */,
				058CBB511697AFB70021A79E /* AppDelegate.m */,
				058CBB591697AFB70021A79E /* MainStoryboard.storyboard */,
				058CBB5C1697AFB70021A79E /* ViewController.h */,
				058CBB5D1697AFB70021A79E /* ViewController.m */,
				058CBB481697AFB70021A79E /* Supporting Files */,
			);
			path = Camera;
			sourceTree = "<group>";
		};
		058CBB481697AFB70021A79E /* Supporting Files */ = {
			isa = PBXGroup;
			children = (
				058CBB491697AFB70021A79E /* Camera-Info.plist */,
				058CBB4A1697AFB70021A79E /* InfoPlist.strings */,
				058CBB4D1697AFB70021A79E /* main.m */,
				058CBB4F1697AFB70021A79E /* Camera-Prefix.pch */,
				058CBB531697AFB70021A79E /* Default.png */,
				058CBB551697AFB70021A79E /* Default@2x.png */,
				058CBB571697AFB70021A79E /* Default-568h@2x.png */,
			);
			name = "Supporting Files";
			sourceTree = "<group>";
		};
/* End PBXGroup section */

/* Begin PBXNativeTarget section */
		058CBB3C1697AFB60021A79E /* Camera */ = {
			isa = PBXNativeTarget;
			buildConfigurationList = 058CBB611697AFB70021A79E /* Build configuration list for PBXNativeTarget "Camera" */;
			buildPhases = (
				058CBB391697AFB60021A79E /* Sources */,
				058CBB3A1697AFB60021A79E /* Frameworks */,
				058CBB3B1697AFB60021A79E /* Resources */,
			);
			buildRules = (
			);
			dependencies = (
			);
			name = Camera;
			productName = Camera;
			productReference = 058CBB3D1697AFB60021A79E /* Camera.app */;
			productType = "com.apple.product-type.application";
		};
/* End PBXNativeTarget section */

/* Begin PBXProject section */
		058CBB341697AFB60021A79E /* Project object */ = {
			isa = PBXProject;
			attributes = {
				LastUpgradeCheck = 0450;
				ORGANIZATIONNAME = dkpyn;
			};
			buildConfigurationList = 058CBB371697AFB60021A79E /* Build configuration list for PBXProject "Camera" */;
			compatibilityVersion = "Xcode 3.2";
			developmentRegion = English;
			hasScannedForEncodings = 0;
			knownRegions = (
				en,
			);
			mainGroup = 058CBB321697AFB60021A79E;
			productRefGroup = 058CBB3E1697AFB60021A79E /* Products */;
			projectDirPath = "";
			projectRoot = "";
			targets = (
				058CBB3C1697AFB60021A79E /* Camera */,
			);
		};
/* End PBXProject section */

/* Begin PBXResourcesBuildPhase section */
		058CBB3B1697AFB60021A79E /* Resources */ = {
			isa = PBXResourcesBuildPhase;
			buildActionMask = 2147483647;
			files = (
				058CBB4C1697AFB70021A79E /* InfoPlist.strings in Resources */,
				058CBB541697AFB70021A79E /* Default.png in Resources */,
				058CBB561697AFB70021A79E /* Default@2x.png in Resources */,
				058CBB581697AFB70021A79E /* Default-568h@2x.png in Resources */,
				058CBB5B1697AFB70021A79E /* MainStoryboard.storyboard in Resources */,
			);
			runOnlyForDeploymentPostprocessing = 0;
		};
/* End PBXResourcesBuildPhase section */

/* Begin PBXSourcesBuildPhase section */
		058CBB391697AFB60021A79E /* Sources */ = {
			isa = PBXSourcesBuildPhase;
			buildActionMask = 2147483647;
			files = (
				058CBB4E1697AFB70021A79E /* main.m in Sources */,
				058CBB521697AFB70021A79E /* AppDelegate.m in Sources */,
				058CBB5E1697AFB70021A79E /* ViewController.m in Sources */,
			);
			runOnlyForDeploymentPostprocessing = 0;
		};
/* End PBXSourcesBuildPhase section */

/* Begin PBXVariantGroup section */
		058CBB4A1697AFB70021A79E /* InfoPlist.strings */ = {
			isa = PBXVariantGroup;
			children = (
				058CBB4B1697AFB70021A79E /* en */,
			);
			name = InfoPlist.strings;
			sourceTree = "<group>";
		};
		058CBB591697AFB70021A79E /* MainStoryboard.storyboard */ = {
			isa = PBXVariantGroup;
			children = (
				058CBB5A1697AFB70021A79E /* en */,
			);
			name = MainStoryboard.storyboard;
			sourceTree = "<group>";
		};
/* End PBXVariantGroup section */

/* Begin XCBuildConfiguration section */
		058CBB5F1697AFB70021A79E /* Debug */ = {
			isa = XCBuildConfiguration;
			buildSettings = {
				ALWAYS_SEARCH_USER_PATHS = NO;
				CLANG_CXX_LANGUAGE_STANDARD = "gnu++0x";
				CLANG_CXX_LIBRARY = "libc++";
				CLANG_ENABLE_OBJC_ARC = YES;
				CLANG_WARN_EMPTY_BODY = YES;
				CLANG_WARN__DUPLICATE_METHOD_MATCH = YES;
				"CODE_SIGN_IDENTITY[sdk=iphoneos*]" = "iPhone Developer";
				COPY_PHASE_STRIP = NO;
				GCC_C_LANGUAGE_STANDARD = gnu99;
				GCC_DYNAMIC_NO_PIC = NO;
				GCC_OPTIMIZATION_LEVEL = 0;
				GCC_PREPROCESSOR_DEFINITIONS = (
					"DEBUG=1",
					"$(inherited)",
				);
				GCC_SYMBOLS_PRIVATE_EXTERN = NO;
				GCC_WARN_ABOUT_RETURN_TYPE = YES;
				GCC_WARN_UNINITIALIZED_AUTOS = YES;
				GCC_WARN_UNUSED_VARIABLE = YES;
				IPHONEOS_DEPLOYMENT_TARGET = 6.0;
				ONLY_ACTIVE_ARCH = YES;
				SDKROOT = iphoneos;
			};
			name = Debug;
		};
		058CBB601697AFB70021A79E /* Release */ = {
			isa = XCBuildConfiguration;
			buildSettings = {
				ALWAYS_SEARCH_USER_PATHS = NO;
				CLANG_CXX_LANGUAGE_STANDARD = "gnu++0x";
				CLANG_CXX_LIBRARY = "libc++";
				CLANG_ENABLE_OBJC_ARC = YES;
				CLANG_WARN_EMPTY_BODY = YES;
				CLANG_WARN__DUPLICATE_METHOD_MATCH = YES;
				"CODE_SIGN_IDENTITY[sdk=iphoneos*]" = "iPhone Developer";
				COPY_PHASE_STRIP = YES;
				GCC_C_LANGUAGE_STANDARD = gnu99;
				GCC_WARN_ABOUT_RETURN_TYPE = YES;
				GCC_WARN_UNINITIALIZED_AUTOS = YES;
				GCC_WARN_UNUSED_VARIABLE = YES;
				IPHONEOS_DEPLOYMENT_TARGET = 6.0;
				OTHER_CFLAGS = "-DNS_BLOCK_ASSERTIONS=1";
				SDKROOT = iphoneos;
				VALIDATE_PRODUCT = YES;
			};
			name = Release;
		};
		058CBB621697AFB70021A79E /* Debug */ = {
			isa = XCBuildConfiguration;
			buildSettings = {
				GCC_PRECOMPILE_PREFIX_HEADER = YES;
				GCC_PREFIX_HEADER = "Camera/Camera-Prefix.pch";
				INFOPLIST_FILE = "Camera/Camera-Info.plist";
				PRODUCT_NAME = "$(TARGET_NAME)";
				WRAPPER_EXTENSION = app;
			};
			name = Debug;
		};
		058CBB631697AFB70021A79E /* Release */ = {
			isa = XCBuildConfiguration;
			buildSettings = {
				GCC_PRECOMPILE_PREFIX_HEADER = YES;
				GCC_PREFIX_HEADER = "Camera/Camera-Prefix.pch";
				INFOPLIST_FILE = "Camera/Camera-Info.plist";
				PRODUCT_NAME = "$(TARGET_NAME)";
				WRAPPER_EXTENSION = app;
			};
			name = Release;
		};
/* End XCBuildConfiguration section */

/* Begin XCConfigurationList section */
		058CBB371697AFB60021A79E /* Build configuration list for PBXProject "Camera" */ = {
			isa = XCConfigurationList;
			buildConfigurations = (
				058CBB5F1697AFB70021A79E /* Debug */,
				058CBB601697AFB70021A79E /* Release */,
			);
			defaultConfigurationIsVisible = 0;
			defaultConfigurationName = Release;
		};
		058CBB611697AFB70021A79E /* Build configuration list for PBXNativeTarget "Camera" */ = {
			isa = XCConfigurationList;
			buildConfigurations = (
				058CBB621697AFB70021A79E /* Debug */,
				058CBB631697AFB70021A79E /* Release */,
			);
			defaultConfigurationIsVisible = 0;
		};
/* End XCConfigurationList section */
	};
	rootObject = 058CBB341697AFB60021A79E /* Project object */;
}
