// !$*UTF8*$!
{
	archiveVersion = 1;
	classes = {
	};
	objectVersion = 46;
	objects = {

/* Begin PBXBuildFile section */
		164FAD271644F5F900A997C8 /* UIKit.framework in Frameworks */ = {isa = PBXBuildFile; fileRef = 164FAD261644F5F900A997C8 /* UIKit.framework */; };
		164FAD291644F5F900A997C8 /* Foundation.framework in Frameworks */ = {isa = PBXBuildFile; fileRef = 164FAD281644F5F900A997C8 /* Foundation.framework */; };
		164FAD2B1644F5F900A997C8 /* CoreGraphics.framework in Frameworks */ = {isa = PBXBuildFile; fileRef = 164FAD2A1644F5F900A997C8 /* CoreGraphics.framework */; };
		164FAD311644F5F900A997C8 /* InfoPlist.strings in Resources */ = {isa = PBXBuildFile; fileRef = 164FAD2F1644F5F900A997C8 /* InfoPlist.strings */; };
		164FAD331644F5F900A997C8 /* main.m in Sources */ = {isa = PBXBuildFile; fileRef = 164FAD321644F5F900A997C8 /* main.m */; };
		164FAD371644F5F900A997C8 /* AppDelegate.m in Sources */ = {isa = PBXBuildFile; fileRef = 164FAD361644F5F900A997C8 /* AppDelegate.m */; };
		164FAD391644F5F900A997C8 /* Default.png in Resources */ = {isa = PBXBuildFile; fileRef = 164FAD381644F5F900A997C8 /* Default.png */; };
		164FAD3B1644F5F900A997C8 /* Default@2x.png in Resources */ = {isa = PBXBuildFile; fileRef = 164FAD3A1644F5F900A997C8 /* Default@2x.png */; };
		164FAD3D1644F5F900A997C8 /* Default-568h@2x.png in Resources */ = {isa = PBXBuildFile; fileRef = 164FAD3C1644F5F900A997C8 /* Default-568h@2x.png */; };
		164FAD401644F5F900A997C8 /* MainStoryboard.storyboard in Resources */ = {isa = PBXBuildFile; fileRef = 164FAD3E1644F5F900A997C8 /* MainStoryboard.storyboard */; };
		164FAD431644F5F900A997C8 /* ViewController.m in Sources */ = {isa = PBXBuildFile; fileRef = 164FAD421644F5F900A997C8 /* ViewController.m */; };
/* End PBXBuildFile section */

/* Begin PBXFileReference section */
		164FAD221644F5F900A997C8 /* Install.app */ = {isa = PBXFileReference; explicitFileType = wrapper.application; includeInIndex = 0; path = Install.app; sourceTree = BUILT_PRODUCTS_DIR; };
		164FAD261644F5F900A997C8 /* UIKit.framework */ = {isa = PBXFileReference; lastKnownFileType = wrapper.framework; name = UIKit.framework; path = System/Library/Frameworks/UIKit.framework; sourceTree = SDKROOT; };
		164FAD281644F5F900A997C8 /* Foundation.framework */ = {isa = PBXFileReference; lastKnownFileType = wrapper.framework; name = Foundation.framework; path = System/Library/Frameworks/Foundation.framework; sourceTree = SDKROOT; };
		164FAD2A1644F5F900A997C8 /* CoreGraphics.framework */ = {isa = PBXFileReference; lastKnownFileType = wrapper.framework; name = CoreGraphics.framework; path = System/Library/Frameworks/CoreGraphics.framework; sourceTree = SDKROOT; };
		164FAD2E1644F5F900A997C8 /* Install-Info.plist */ = {isa = PBXFileReference; lastKnownFileType = text.plist.xml; path = "Install-Info.plist"; sourceTree = "<group>"; };
		164FAD301644F5F900A997C8 /* en */ = {isa = PBXFileReference; lastKnownFileType = text.plist.strings; name = en; path = en.lproj/InfoPlist.strings; sourceTree = "<group>"; };
		164FAD321644F5F900A997C8 /* main.m */ = {isa = PBXFileReference; lastKnownFileType = sourcecode.c.objc; path = main.m; sourceTree = "<group>"; };
		164FAD341644F5F900A997C8 /* Install-Prefix.pch */ = {isa = PBXFileReference; lastKnownFileType = sourcecode.c.h; path = "Install-Prefix.pch"; sourceTree = "<group>"; };
		164FAD351644F5F900A997C8 /* AppDelegate.h */ = {isa = PBXFileReference; lastKnownFileType = sourcecode.c.h; path = AppDelegate.h; sourceTree = "<group>"; };
		164FAD361644F5F900A997C8 /* AppDelegate.m */ = {isa = PBXFileReference; lastKnownFileType = sourcecode.c.objc; path = AppDelegate.m; sourceTree = "<group>"; };
		164FAD381644F5F900A997C8 /* Default.png */ = {isa = PBXFileReference; lastKnownFileType = image.png; path = Default.png; sourceTree = "<group>"; };
		164FAD3A1644F5F900A997C8 /* Default@2x.png */ = {isa = PBXFileReference; lastKnownFileType = image.png; path = "Default@2x.png"; sourceTree = "<group>"; };
		164FAD3C1644F5F900A997C8 /* Default-568h@2x.png */ = {isa = PBXFileReference; lastKnownFileType = image.png; path = "Default-568h@2x.png"; sourceTree = "<group>"; };
		164FAD3F1644F5F900A997C8 /* en */ = {isa = PBXFileReference; lastKnownFileType = file.storyboard; name = en; path = en.lproj/MainStoryboard.storyboard; sourceTree = "<group>"; };
		164FAD411644F5F900A997C8 /* ViewController.h */ = {isa = PBXFileReference; lastKnownFileType = sourcecode.c.h; path = ViewController.h; sourceTree = "<group>"; };
		164FAD421644F5F900A997C8 /* ViewController.m */ = {isa = PBXFileReference; lastKnownFileType = sourcecode.c.objc; path = ViewController.m; sourceTree = "<group>"; };
/* End PBXFileReference section */

/* Begin PBXFrameworksBuildPhase section */
		164FAD1F1644F5F900A997C8 /* Frameworks */ = {
			isa = PBXFrameworksBuildPhase;
			buildActionMask = 2147483647;
			files = (
				164FAD271644F5F900A997C8 /* UIKit.framework in Frameworks */,
				164FAD291644F5F900A997C8 /* Foundation.framework in Frameworks */,
				164FAD2B1644F5F900A997C8 /* CoreGraphics.framework in Frameworks */,
			);
			runOnlyForDeploymentPostprocessing = 0;
		};
/* End PBXFrameworksBuildPhase section */

/* Begin PBXGroup section */
		164FAD171644F5F900A997C8 = {
			isa = PBXGroup;
			children = (
				164FAD2C1644F5F900A997C8 /* Install */,
				164FAD251644F5F900A997C8 /* Frameworks */,
				164FAD231644F5F900A997C8 /* Products */,
			);
			sourceTree = "<group>";
		};
		164FAD231644F5F900A997C8 /* Products */ = {
			isa = PBXGroup;
			children = (
				164FAD221644F5F900A997C8 /* Install.app */,
			);
			name = Products;
			sourceTree = "<group>";
		};
		164FAD251644F5F900A997C8 /* Frameworks */ = {
			isa = PBXGroup;
			children = (
				164FAD261644F5F900A997C8 /* UIKit.framework */,
				164FAD281644F5F900A997C8 /* Foundation.framework */,
				164FAD2A1644F5F900A997C8 /* CoreGraphics.framework */,
			);
			name = Frameworks;
			sourceTree = "<group>";
		};
		164FAD2C1644F5F900A997C8 /* Install */ = {
			isa = PBXGroup;
			children = (
				164FAD351644F5F900A997C8 /* AppDelegate.h */,
				164FAD361644F5F900A997C8 /* AppDelegate.m */,
				164FAD3E1644F5F900A997C8 /* MainStoryboard.storyboard */,
				164FAD411644F5F900A997C8 /* ViewController.h */,
				164FAD421644F5F900A997C8 /* ViewController.m */,
				164FAD2D1644F5F900A997C8 /* Supporting Files */,
			);
			path = Install;
			sourceTree = "<group>";
		};
		164FAD2D1644F5F900A997C8 /* Supporting Files */ = {
			isa = PBXGroup;
			children = (
				164FAD2E1644F5F900A997C8 /* Install-Info.plist */,
				164FAD2F1644F5F900A997C8 /* InfoPlist.strings */,
				164FAD321644F5F900A997C8 /* main.m */,
				164FAD341644F5F900A997C8 /* Install-Prefix.pch */,
				164FAD381644F5F900A997C8 /* Default.png */,
				164FAD3A1644F5F900A997C8 /* Default@2x.png */,
				164FAD3C1644F5F900A997C8 /* Default-568h@2x.png */,
			);
			name = "Supporting Files";
			sourceTree = "<group>";
		};
/* End PBXGroup section */

/* Begin PBXNativeTarget section */
		164FAD211644F5F900A997C8 /* Install */ = {
			isa = PBXNativeTarget;
			buildConfigurationList = 164FAD461644F5F900A997C8 /* Build configuration list for PBXNativeTarget "Install" */;
			buildPhases = (
				164FAD1E1644F5F900A997C8 /* Sources */,
				164FAD1F1644F5F900A997C8 /* Frameworks */,
				164FAD201644F5F900A997C8 /* Resources */,
			);
			buildRules = (
			);
			dependencies = (
			);
			name = Install;
			productName = Install;
			productReference = 164FAD221644F5F900A997C8 /* Install.app */;
			productType = "com.apple.product-type.application";
		};
/* End PBXNativeTarget section */

/* Begin PBXProject section */
		164FAD191644F5F900A997C8 /* Project object */ = {
			isa = PBXProject;
			attributes = {
				LastUpgradeCheck = 0450;
				ORGANIZATIONNAME = mycompany;
			};
			buildConfigurationList = 164FAD1C1644F5F900A997C8 /* Build configuration list for PBXProject "Install" */;
			compatibilityVersion = "Xcode 3.2";
			developmentRegion = English;
			hasScannedForEncodings = 0;
			knownRegions = (
				en,
			);
			mainGroup = 164FAD171644F5F900A997C8;
			productRefGroup = 164FAD231644F5F900A997C8 /* Products */;
			projectDirPath = "";
			projectRoot = "";
			targets = (
				164FAD211644F5F900A997C8 /* Install */,
			);
		};
/* End PBXProject section */

/* Begin PBXResourcesBuildPhase section */
		164FAD201644F5F900A997C8 /* Resources */ = {
			isa = PBXResourcesBuildPhase;
			buildActionMask = 2147483647;
			files = (
				164FAD311644F5F900A997C8 /* InfoPlist.strings in Resources */,
				164FAD391644F5F900A997C8 /* Default.png in Resources */,
				164FAD3B1644F5F900A997C8 /* Default@2x.png in Resources */,
				164FAD3D1644F5F900A997C8 /* Default-568h@2x.png in Resources */,
				164FAD401644F5F900A997C8 /* MainStoryboard.storyboard in Resources */,
			);
			runOnlyForDeploymentPostprocessing = 0;
		};
/* End PBXResourcesBuildPhase section */

/* Begin PBXSourcesBuildPhase section */
		164FAD1E1644F5F900A997C8 /* Sources */ = {
			isa = PBXSourcesBuildPhase;
			buildActionMask = 2147483647;
			files = (
				164FAD331644F5F900A997C8 /* main.m in Sources */,
				164FAD371644F5F900A997C8 /* AppDelegate.m in Sources */,
				164FAD431644F5F900A997C8 /* ViewController.m in Sources */,
			);
			runOnlyForDeploymentPostprocessing = 0;
		};
/* End PBXSourcesBuildPhase section */

/* Begin PBXVariantGroup section */
		164FAD2F1644F5F900A997C8 /* InfoPlist.strings */ = {
			isa = PBXVariantGroup;
			children = (
				164FAD301644F5F900A997C8 /* en */,
			);
			name = InfoPlist.strings;
			sourceTree = "<group>";
		};
		164FAD3E1644F5F900A997C8 /* MainStoryboard.storyboard */ = {
			isa = PBXVariantGroup;
			children = (
				164FAD3F1644F5F900A997C8 /* en */,
			);
			name = MainStoryboard.storyboard;
			sourceTree = "<group>";
		};
/* End PBXVariantGroup section */

/* Begin XCBuildConfiguration section */
		164FAD441644F5F900A997C8 /* Debug */ = {
			isa = XCBuildConfiguration;
			buildSettings = {
				ALWAYS_SEARCH_USER_PATHS = NO;
				CLANG_CXX_LANGUAGE_STANDARD = "gnu++0x";
				CLANG_CXX_LIBRARY = "libc++";
				CLANG_ENABLE_OBJC_ARC = YES;
				CLANG_WARN_EMPTY_BODY = YES;
				CLANG_WARN__DUPLICATE_METHOD_MATCH = YES;
				"CODE_SIGN_IDENTITY[sdk=iphoneos*]" = "iPhone Developer";
				COPY_PHASE_STRIP = NO;
				GCC_C_LANGUAGE_STANDARD = gnu99;
				GCC_DYNAMIC_NO_PIC = NO;
				GCC_OPTIMIZATION_LEVEL = 0;
				GCC_PREPROCESSOR_DEFINITIONS = (
					"DEBUG=1",
					"$(inherited)",
				);
				GCC_SYMBOLS_PRIVATE_EXTERN = NO;
				GCC_WARN_ABOUT_RETURN_TYPE = YES;
				GCC_WARN_UNINITIALIZED_AUTOS = YES;
				GCC_WARN_UNUSED_VARIABLE = YES;
				IPHONEOS_DEPLOYMENT_TARGET = 6.0;
				ONLY_ACTIVE_ARCH = YES;
				SDKROOT = iphoneos;
			};
			name = Debug;
		};
		164FAD451644F5F900A997C8 /* Release */ = {
			isa = XCBuildConfiguration;
			buildSettings = {
				ALWAYS_SEARCH_USER_PATHS = NO;
				CLANG_CXX_LANGUAGE_STANDARD = "gnu++0x";
				CLANG_CXX_LIBRARY = "libc++";
				CLANG_ENABLE_OBJC_ARC = YES;
				CLANG_WARN_EMPTY_BODY = YES;
				CLANG_WARN__DUPLICATE_METHOD_MATCH = YES;
				"CODE_SIGN_IDENTITY[sdk=iphoneos*]" = "iPhone Developer";
				COPY_PHASE_STRIP = YES;
				GCC_C_LANGUAGE_STANDARD = gnu99;
				GCC_WARN_ABOUT_RETURN_TYPE = YES;
				GCC_WARN_UNINITIALIZED_AUTOS = YES;
				GCC_WARN_UNUSED_VARIABLE = YES;
				IPHONEOS_DEPLOYMENT_TARGET = 6.0;
				OTHER_CFLAGS = "-DNS_BLOCK_ASSERTIONS=1";
				SDKROOT = iphoneos;
				VALIDATE_PRODUCT = YES;
			};
			name = Release;
		};
		164FAD471644F5F900A997C8 /* Debug */ = {
			isa = XCBuildConfiguration;
			buildSettings = {
				GCC_PRECOMPILE_PREFIX_HEADER = YES;
				GCC_PREFIX_HEADER = "Install/Install-Prefix.pch";
				INFOPLIST_FILE = "Install/Install-Info.plist";
				PRODUCT_NAME = "$(TARGET_NAME)";
				WRAPPER_EXTENSION = app;
			};
			name = Debug;
		};
		164FAD481644F5F900A997C8 /* Release */ = {
			isa = XCBuildConfiguration;
			buildSettings = {
				GCC_PRECOMPILE_PREFIX_HEADER = YES;
				GCC_PREFIX_HEADER = "Install/Install-Prefix.pch";
				INFOPLIST_FILE = "Install/Install-Info.plist";
				PRODUCT_NAME = "$(TARGET_NAME)";
				WRAPPER_EXTENSION = app;
			};
			name = Release;
		};
/* End XCBuildConfiguration section */

/* Begin XCConfigurationList section */
		164FAD1C1644F5F900A997C8 /* Build configuration list for PBXProject "Install" */ = {
			isa = XCConfigurationList;
			buildConfigurations = (
				164FAD441644F5F900A997C8 /* Debug */,
				164FAD451644F5F900A997C8 /* Release */,
			);
			defaultConfigurationIsVisible = 0;
			defaultConfigurationName = Release;
		};
		164FAD461644F5F900A997C8 /* Build configuration list for PBXNativeTarget "Install" */ = {
			isa = XCConfigurationList;
			buildConfigurations = (
				164FAD471644F5F900A997C8 /* Debug */,
				164FAD481644F5F900A997C8 /* Release */,
			);
			defaultConfigurationIsVisible = 0;
		};
/* End XCConfigurationList section */
	};
	rootObject = 164FAD191644F5F900A997C8 /* Project object */;
}
